// !$*UTF8*$!
{
	archiveVersion = 1;
	classes = {
	};
	objectVersion = 56;
	objects = {

/* Begin PBXBuildFile section */
		DC2A326E2E2F2ACB00C49D04 /* SoccerXGameData.xcdatamodeld in Sources */ = {isa = PBXBuildFile; fileRef = DC2A325A2E2F2ACB00C49D04 /* SoccerXGameData.xcdatamodeld */; };
		DC2A32742E2F2ACB00C49D04 /* SharedWatchConnectivityManager.swift in Sources */ = {isa = PBXBuildFile; fileRef = DC2A32622E2F2ACB00C49D04 /* SharedWatchConnectivityManager.swift */; };
		DC2A32752E2F2ACB00C49D04 /* SyncStatusView.swift in Sources */ = {isa = PBXBuildFile; fileRef = DC2A32662E2F2ACB00C49D04 /* SyncStatusView.swift */; };
		DC2A32762E2F2ACB00C49D04 /* ErrorRecoveryService.swift in Sources */ = {isa = PBXBuildFile; fileRef = DC2A325D2E2F2ACB00C49D04 /* ErrorRecoveryService.swift */; };
		DC2A32772E2F2ACB00C49D04 /* RealTimeDataTransfer.swift in Sources */ = {isa = PBXBuildFile; fileRef = DC2A32602E2F2ACB00C49D04 /* RealTimeDataTransfer.swift */; };
		DC2A32782E2F2ACB00C49D04 /* SoccerXGameData.xcdatamodeld in Sources */ = {isa = PBXBuildFile; fileRef = DC2A325A2E2F2ACB00C49D04 /* SoccerXGameData.xcdatamodeld */; };
		DC2A32792E2F2ACB00C49D04 /* OfflineDataQueue.swift in Sources */ = {isa = PBXBuildFile; fileRef = DC2A325F2E2F2ACB00C49D04 /* OfflineDataQueue.swift */; };
		DC2A327B2E2F2ACB00C49D04 /* SyncModels.swift in Sources */ = {isa = PBXBuildFile; fileRef = DC2A325B2E2F2ACB00C49D04 /* SyncModels.swift */; };
		DC2A327C2E2F2ACB00C49D04 /* GameDataPersistenceManager.swift in Sources */ = {isa = PBXBuildFile; fileRef = DC2A325E2E2F2ACB00C49D04 /* GameDataPersistenceManager.swift */; };
		DC2A327D2E2F2ACB00C49D04 /* SyncOptimizationEngine.swift in Sources */ = {isa = PBXBuildFile; fileRef = DC2A32612E2F2ACB00C49D04 /* SyncOptimizationEngine.swift */; };
		DC50A9C52E2BBBBD00A6EDFE /* FirebaseAuth in Frameworks */ = {isa = PBXBuildFile; productRef = DC50A9C42E2BBBBD00A6EDFE /* FirebaseAuth */; };
		DC50A9C72E2BBBBD00A6EDFE /* FirebaseFirestore in Frameworks */ = {isa = PBXBuildFile; productRef = DC50A9C62E2BBBBD00A6EDFE /* FirebaseFirestore */; };
		DC50A9C92E2BBBBD00A6EDFE /* FirebaseFunctions in Frameworks */ = {isa = PBXBuildFile; productRef = DC50A9C82E2BBBBD00A6EDFE /* FirebaseFunctions */; };
		DC7AF3D52E2F24CF008948E2 /* StatCardView.swift in Sources */ = {isa = PBXBuildFile; fileRef = DC7AF3BE2E2F24CF008948E2 /* StatCardView.swift */; };
		DC7AF3D62E2F24CF008948E2 /* ContentView.swift in Sources */ = {isa = PBXBuildFile; fileRef = DC7AF3D12E2F24CF008948E2 /* ContentView.swift */; };
		DC7AF3D72E2F24CF008948E2 /* User.swift in Sources */ = {isa = PBXBuildFile; fileRef = DC7AF3942E2F24CF008948E2 /* User.swift */; };
		DC7AF3D82E2F24CF008948E2 /* CreateGroupView.swift in Sources */ = {isa = PBXBuildFile; fileRef = DC7AF3C32E2F24CF008948E2 /* CreateGroupView.swift */; };
		DC7AF3D92E2F24CF008948E2 /* ProfileView.swift in Sources */ = {isa = PBXBuildFile; fileRef = DC7AF3CF2E2F24CF008948E2 /* ProfileView.swift */; };
		DC7AF3DA2E2F24CF008948E2 /* MainTabView.swift in Sources */ = {isa = PBXBuildFile; fileRef = DC7AF3D22E2F24CF008948E2 /* MainTabView.swift */; };
		DC7AF3DB2E2F24CF008948E2 /* GroupRepository.swift in Sources */ = {isa = PBXBuildFile; fileRef = DC7AF39A2E2F24CF008948E2 /* GroupRepository.swift */; };
		DC7AF3DC2E2F24CF008948E2 /* HistoryView.swift in Sources */ = {isa = PBXBuildFile; fileRef = DC7AF3CA2E2F24CF008948E2 /* HistoryView.swift */; };
		DC7AF3DD2E2F24CF008948E2 /* WatchConnectivityManager.swift in Sources */ = {isa = PBXBuildFile; fileRef = DC7AF3A42E2F24CF008948E2 /* WatchConnectivityManager.swift */; };
		DC7AF3DE2E2F24CF008948E2 /* Achievement.swift in Sources */ = {isa = PBXBuildFile; fileRef = DC7AF3912E2F24CF008948E2 /* Achievement.swift */; };
		DC7AF3DF2E2F24CF008948E2 /* GameRepository.swift in Sources */ = {isa = PBXBuildFile; fileRef = DC7AF3992E2F24CF008948E2 /* GameRepository.swift */; };
		DC7AF3E02E2F24CF008948E2 /* LeaderboardViewModel.swift in Sources */ = {isa = PBXBuildFile; fileRef = DC7AF3AF2E2F24CF008948E2 /* LeaderboardViewModel.swift */; };
		DC7AF3E12E2F24CF008948E2 /* LoadingErrorViews.swift in Sources */ = {isa = PBXBuildFile; fileRef = DC7AF3BA2E2F24CF008948E2 /* LoadingErrorViews.swift */; };
		DC7AF3E22E2F24CF008948E2 /* NavigationHeaderView.swift in Sources */ = {isa = PBXBuildFile; fileRef = DC7AF3BB2E2F24CF008948E2 /* NavigationHeaderView.swift */; };
		DC7AF3E32E2F24CF008948E2 /* Group.swift in Sources */ = {isa = PBXBuildFile; fileRef = DC7AF3932E2F24CF008948E2 /* Group.swift */; };
		DC7AF3E42E2F24CF008948E2 /* DashboardView.swift in Sources */ = {isa = PBXBuildFile; fileRef = DC7AF3C02E2F24CF008948E2 /* DashboardView.swift */; };
		DC7AF3E52E2F24CF008948E2 /* UserRepository.swift in Sources */ = {isa = PBXBuildFile; fileRef = DC7AF39B2E2F24CF008948E2 /* UserRepository.swift */; };
		DC7AF3E62E2F24CF008948E2 /* HapticManager.swift in Sources */ = {isa = PBXBuildFile; fileRef = DC7AF3A92E2F24CF008948E2 /* HapticManager.swift */; };
		DC7AF3E72E2F24CF008948E2 /* TabBarView.swift in Sources */ = {isa = PBXBuildFile; fileRef = DC7AF3D32E2F24CF008948E2 /* TabBarView.swift */; };
		DC7AF3E82E2F24CF008948E2 /* StatChartView.swift in Sources */ = {isa = PBXBuildFile; fileRef = DC7AF3B32E2F24CF008948E2 /* StatChartView.swift */; };
		DC7AF3E92E2F24CF008948E2 /* TabBarViewModel.swift in Sources */ = {isa = PBXBuildFile; fileRef = DC7AF3B02E2F24CF008948E2 /* TabBarViewModel.swift */; };
		DC7AF3EA2E2F24CF008948E2 /* BadgeView.swift in Sources */ = {isa = PBXBuildFile; fileRef = DC7AF3B72E2F24CF008948E2 /* BadgeView.swift */; };
		DC7AF3EB2E2F24CF008948E2 /* JoinGroupView.swift in Sources */ = {isa = PBXBuildFile; fileRef = DC7AF3C62E2F24CF008948E2 /* JoinGroupView.swift */; };
		DC7AF3EC2E2F24CF008948E2 /* BaseRepository.swift in Sources */ = {isa = PBXBuildFile; fileRef = DC7AF3982E2F24CF008948E2 /* BaseRepository.swift */; };
		DC7AF3ED2E2F24CF008948E2 /* PerformanceChartView.swift in Sources */ = {isa = PBXBuildFile; fileRef = DC7AF3B22E2F24CF008948E2 /* PerformanceChartView.swift */; };
		DC7AF3EE2E2F24CF008948E2 /* GroupStandingCardView.swift in Sources */ = {isa = PBXBuildFile; fileRef = DC7AF3B92E2F24CF008948E2 /* GroupStandingCardView.swift */; };
		DC7AF3EF2E2F24CF008948E2 /* ActivityRowView.swift in Sources */ = {isa = PBXBuildFile; fileRef = DC7AF3B62E2F24CF008948E2 /* ActivityRowView.swift */; };
		DC7AF3F02E2F24CF008948E2 /* NotificationManager.swift in Sources */ = {isa = PBXBuildFile; fileRef = DC7AF3A32E2F24CF008948E2 /* NotificationManager.swift */; };
		DC7AF3F12E2F24CF008948E2 /* ActionButton.swift in Sources */ = {isa = PBXBuildFile; fileRef = DC7AF3B52E2F24CF008948E2 /* ActionButton.swift */; };
		DC7AF3F22E2F24CF008948E2 /* Extensions.swift in Sources */ = {isa = PBXBuildFile; fileRef = DC7AF3A82E2F24CF008948E2 /* Extensions.swift */; };
		DC7AF3F32E2F24CF008948E2 /* Theme.swift in Sources */ = {isa = PBXBuildFile; fileRef = DC7AF3AA2E2F24CF008948E2 /* Theme.swift */; };
		DC7AF3F42E2F24CF008948E2 /* AuthenticationService.swift in Sources */ = {isa = PBXBuildFile; fileRef = DC7AF3A02E2F24CF008948E2 /* AuthenticationService.swift */; };
		DC7AF3F52E2F24CF008948E2 /* GroupChatView.swift in Sources */ = {isa = PBXBuildFile; fileRef = DC7AF3C42E2F24CF008948E2 /* GroupChatView.swift */; };
		DC7AF3F62E2F24CF008948E2 /* LeaderboardHistoryView.swift in Sources */ = {isa = PBXBuildFile; fileRef = DC7AF3C72E2F24CF008948E2 /* LeaderboardHistoryView.swift */; };
		DC7AF3F72E2F24CF008948E2 /* AppState.swift in Sources */ = {isa = PBXBuildFile; fileRef = DC7AF3AC2E2F24CF008948E2 /* AppState.swift */; };
		DC7AF3F82E2F24CF008948E2 /* DashboardViewModel.swift in Sources */ = {isa = PBXBuildFile; fileRef = DC7AF3AE2E2F24CF008948E2 /* DashboardViewModel.swift */; };
		DC7AF3F92E2F24CF008948E2 /* StatCardGridView.swift in Sources */ = {isa = PBXBuildFile; fileRef = DC7AF3BD2E2F24CF008948E2 /* StatCardGridView.swift */; };
		DC7AF3FA2E2F24CF008948E2 /* SoccerXApp.swift in Sources */ = {isa = PBXBuildFile; fileRef = DC7AF38E2E2F24CF008948E2 /* SoccerXApp.swift */; };
		DC7AF3FB2E2F24CF008948E2 /* LeaderboardManager.swift in Sources */ = {isa = PBXBuildFile; fileRef = DC7AF3A22E2F24CF008948E2 /* LeaderboardManager.swift */; };
		DC7AF3FC2E2F24CF008948E2 /* EmptyStateView.swift in Sources */ = {isa = PBXBuildFile; fileRef = DC7AF3B82E2F24CF008948E2 /* EmptyStateView.swift */; };
		DC7AF3FD2E2F24CF008948E2 /* LeaderboardView.swift in Sources */ = {isa = PBXBuildFile; fileRef = DC7AF3C82E2F24CF008948E2 /* LeaderboardView.swift */; };
		DC7AF3FE2E2F24CF008948E2 /* SectionHeaderView.swift in Sources */ = {isa = PBXBuildFile; fileRef = DC7AF3BC2E2F24CF008948E2 /* SectionHeaderView.swift */; };
		DC7AF3FF2E2F24CF008948E2 /* GroupManager.swift in Sources */ = {isa = PBXBuildFile; fileRef = DC7AF3A12E2F24CF008948E2 /* GroupManager.swift */; };
		DC7AF4002E2F24CF008948E2 /* BaseViewModel.swift in Sources */ = {isa = PBXBuildFile; fileRef = DC7AF3AD2E2F24CF008948E2 /* BaseViewModel.swift */; };
		DC7AF4012E2F24CF008948E2 /* OnboardingView.swift in Sources */ = {isa = PBXBuildFile; fileRef = DC7AF3CC2E2F24CF008948E2 /* OnboardingView.swift */; };
		DC7AF4022E2F24CF008948E2 /* GroupsView.swift in Sources */ = {isa = PBXBuildFile; fileRef = DC7AF3C52E2F24CF008948E2 /* GroupsView.swift */; };
		DC7AF4032E2F24CF008948E2 /* Game.swift in Sources */ = {isa = PBXBuildFile; fileRef = DC7AF3922E2F24CF008948E2 /* Game.swift */; };
		DC7AF4042E2F24CF008948E2 /* Assets.xcassets in Resources */ = {isa = PBXBuildFile; fileRef = DC7AF39E2E2F24CF008948E2 /* Assets.xcassets */; };
		DC7AF4052E2F24CF008948E2 /* GoogleService-Info.plist in Resources */ = {isa = PBXBuildFile; fileRef = DC7AF3902E2F24CF008948E2 /* GoogleService-Info.plist */; };
		DC7AF4062E2F24CF008948E2 /* Preview Assets.xcassets in Resources */ = {isa = PBXBuildFile; fileRef = DC7AF3962E2F24CF008948E2 /* Preview Assets.xcassets */; };
		DCAC627B2E2F3C10005387D5 /* ContentView.swift in Sources */ = {isa = PBXBuildFile; fileRef = DCAC62762E2F3C10005387D5 /* ContentView.swift */; };
		DCAC627C2E2F3C10005387D5 /* BackgroundTaskScheduler.swift in Sources */ = {isa = PBXBuildFile; fileRef = DCAC62682E2F3C10005387D5 /* BackgroundTaskScheduler.swift */; };
		DCAC627D2E2F3C10005387D5 /* ActiveGameView.swift in Sources */ = {isa = PBXBuildFile; fileRef = DCAC626F2E2F3C10005387D5 /* ActiveGameView.swift */; };
		DCAC627E2E2F3C10005387D5 /* WatchConnectivityManager.swift in Sources */ = {isa = PBXBuildFile; fileRef = DCAC626D2E2F3C10005387D5 /* WatchConnectivityManager.swift */; };
		DCAC627F2E2F3C10005387D5 /* SoccerWApp.swift in Sources */ = {isa = PBXBuildFile; fileRef = DCAC62792E2F3C10005387D5 /* SoccerWApp.swift */; };
		DCAC62802E2F3C10005387D5 /* HomeView.swift in Sources */ = {isa = PBXBuildFile; fileRef = DCAC62722E2F3C10005387D5 /* HomeView.swift */; };
		DCAC62812E2F3C10005387D5 /* HistoryView.swift in Sources */ = {isa = PBXBuildFile; fileRef = DCAC62712E2F3C10005387D5 /* HistoryView.swift */; };
		DCAC62822E2F3C10005387D5 /* GameSummaryView.swift in Sources */ = {isa = PBXBuildFile; fileRef = DCAC62702E2F3C10005387D5 /* GameSummaryView.swift */; };
		DCAC62832E2F3C10005387D5 /* LocationService.swift in Sources */ = {isa = PBXBuildFile; fileRef = DCAC626A2E2F3C10005387D5 /* LocationService.swift */; };
		DCAC62842E2F3C10005387D5 /* SyncCoordinator.swift in Sources */ = {isa = PBXBuildFile; fileRef = DCAC626B2E2F3C10005387D5 /* SyncCoordinator.swift */; };
		DCAC62852E2F3C10005387D5 /* SettingsView.swift in Sources */ = {isa = PBXBuildFile; fileRef = DCAC62732E2F3C10005387D5 /* SettingsView.swift */; };
		DCAC62862E2F3C10005387D5 /* HealthKitService.swift in Sources */ = {isa = PBXBuildFile; fileRef = DCAC62692E2F3C10005387D5 /* HealthKitService.swift */; };
		DCAC62872E2F3C10005387D5 /* TrackingService.swift in Sources */ = {isa = PBXBuildFile; fileRef = DCAC626C2E2F3C10005387D5 /* TrackingService.swift */; };
		DCAC62882E2F3C10005387D5 /* Preview Assets.xcassets in Resources */ = {isa = PBXBuildFile; fileRef = DCAC62662E2F3C10005387D5 /* Preview Assets.xcassets */; };
		DCAC628A2E2F3C10005387D5 /* Assets.xcassets in Resources */ = {isa = PBXBuildFile; fileRef = DCAC62752E2F3C10005387D5 /* Assets.xcassets */; };
		DCEF6C1A2E2E010C00AC7AFE /* FirebaseMessaging in Frameworks */ = {isa = PBXBuildFile; productRef = DCEF6C192E2E010C00AC7AFE /* FirebaseMessaging */; };
/* End PBXBuildFile section */

/* Begin PBXContainerItemProxy section */
		DC9E7DA12E2DCA2100A8625F /* PBXContainerItemProxy */ = {
			isa = PBXContainerItemProxy;
			containerPortal = 3D1A1F122C1234567890016 /* Project object */;
			proxyType = 1;
			remoteGlobalIDString = DC9E7D952E2DCA2000A8625F;
			remoteInfo = "SoccerW Watch App";
		};
/* End PBXContainerItemProxy section */

/* Begin PBXCopyFilesBuildPhase section */
		DC9E7C2B2E2DC52300A8625F /* Embed Watch Content */ = {
			isa = PBXCopyFilesBuildPhase;
			buildActionMask = 2147483647;
			dstPath = "$(CONTENTS_FOLDER_PATH)/Watch";
			dstSubfolderSpec = 16;
			files = (
			);
			name = "Embed Watch Content";
			runOnlyForDeploymentPostprocessing = 0;
		};
/* End PBXCopyFilesBuildPhase section */

/* Begin PBXFileReference section */
		3D1A1F1A2C1234567890000 /* SoccerX.app */ = {isa = PBXFileReference; explicitFileType = wrapper.application; includeInIndex = 0; path = SoccerX.app; sourceTree = BUILT_PRODUCTS_DIR; };
		DC2A325B2E2F2ACB00C49D04 /* SyncModels.swift */ = {isa = PBXFileReference; lastKnownFileType = sourcecode.swift; path = SyncModels.swift; sourceTree = "<group>"; };
		DC2A325D2E2F2ACB00C49D04 /* ErrorRecoveryService.swift */ = {isa = PBXFileReference; lastKnownFileType = sourcecode.swift; path = ErrorRecoveryService.swift; sourceTree = "<group>"; };
		DC2A325E2E2F2ACB00C49D04 /* GameDataPersistenceManager.swift */ = {isa = PBXFileReference; lastKnownFileType = sourcecode.swift; path = GameDataPersistenceManager.swift; sourceTree = "<group>"; };
		DC2A325F2E2F2ACB00C49D04 /* OfflineDataQueue.swift */ = {isa = PBXFileReference; lastKnownFileType = sourcecode.swift; path = OfflineDataQueue.swift; sourceTree = "<group>"; };
		DC2A32602E2F2ACB00C49D04 /* RealTimeDataTransfer.swift */ = {isa = PBXFileReference; lastKnownFileType = sourcecode.swift; path = RealTimeDataTransfer.swift; sourceTree = "<group>"; };
		DC2A32612E2F2ACB00C49D04 /* SyncOptimizationEngine.swift */ = {isa = PBXFileReference; lastKnownFileType = sourcecode.swift; path = SyncOptimizationEngine.swift; sourceTree = "<group>"; };
		DC2A32622E2F2ACB00C49D04 /* SharedWatchConnectivityManager.swift */ = {isa = PBXFileReference; lastKnownFileType = sourcecode.swift; path = SharedWatchConnectivityManager.swift; sourceTree = "<group>"; };
		DC2A32662E2F2ACB00C49D04 /* SyncStatusView.swift */ = {isa = PBXFileReference; lastKnownFileType = sourcecode.swift; path = SyncStatusView.swift; sourceTree = "<group>"; };
		DC2A32692E2F2ACB00C49D04 /* SoccerXGameData.xcdatamodel */ = {isa = PBXFileReference; lastKnownFileType = wrapper.xcdatamodel; path = SoccerXGameData.xcdatamodel; sourceTree = "<group>"; };
		DC7AF38E2E2F24CF008948E2 /* SoccerXApp.swift */ = {isa = PBXFileReference; lastKnownFileType = sourcecode.swift; path = SoccerXApp.swift; sourceTree = "<group>"; };
		DC7AF3902E2F24CF008948E2 /* GoogleService-Info.plist */ = {isa = PBXFileReference; lastKnownFileType = text.plist.xml; path = "GoogleService-Info.plist"; sourceTree = "<group>"; };
		DC7AF3912E2F24CF008948E2 /* Achievement.swift */ = {isa = PBXFileReference; lastKnownFileType = sourcecode.swift; path = Achievement.swift; sourceTree = "<group>"; };
		DC7AF3922E2F24CF008948E2 /* Game.swift */ = {isa = PBXFileReference; lastKnownFileType = sourcecode.swift; path = Game.swift; sourceTree = "<group>"; };
		DC7AF3932E2F24CF008948E2 /* Group.swift */ = {isa = PBXFileReference; lastKnownFileType = sourcecode.swift; path = Group.swift; sourceTree = "<group>"; };
		DC7AF3942E2F24CF008948E2 /* User.swift */ = {isa = PBXFileReference; lastKnownFileType = sourcecode.swift; path = User.swift; sourceTree = "<group>"; };
		DC7AF3962E2F24CF008948E2 /* Preview Assets.xcassets */ = {isa = PBXFileReference; lastKnownFileType = folder.assetcatalog; path = "Preview Assets.xcassets"; sourceTree = "<group>"; };
		DC7AF3982E2F24CF008948E2 /* BaseRepository.swift */ = {isa = PBXFileReference; lastKnownFileType = sourcecode.swift; path = BaseRepository.swift; sourceTree = "<group>"; };
		DC7AF3992E2F24CF008948E2 /* GameRepository.swift */ = {isa = PBXFileReference; lastKnownFileType = sourcecode.swift; path = GameRepository.swift; sourceTree = "<group>"; };
		DC7AF39A2E2F24CF008948E2 /* GroupRepository.swift */ = {isa = PBXFileReference; lastKnownFileType = sourcecode.swift; path = GroupRepository.swift; sourceTree = "<group>"; };
		DC7AF39B2E2F24CF008948E2 /* UserRepository.swift */ = {isa = PBXFileReference; lastKnownFileType = sourcecode.swift; path = UserRepository.swift; sourceTree = "<group>"; };
		DC7AF39E2E2F24CF008948E2 /* Assets.xcassets */ = {isa = PBXFileReference; lastKnownFileType = folder.assetcatalog; path = Assets.xcassets; sourceTree = "<group>"; };
		DC7AF3A02E2F24CF008948E2 /* AuthenticationService.swift */ = {isa = PBXFileReference; lastKnownFileType = sourcecode.swift; path = AuthenticationService.swift; sourceTree = "<group>"; };
		DC7AF3A12E2F24CF008948E2 /* GroupManager.swift */ = {isa = PBXFileReference; lastKnownFileType = sourcecode.swift; path = GroupManager.swift; sourceTree = "<group>"; };
		DC7AF3A22E2F24CF008948E2 /* LeaderboardManager.swift */ = {isa = PBXFileReference; lastKnownFileType = sourcecode.swift; path = LeaderboardManager.swift; sourceTree = "<group>"; };
		DC7AF3A32E2F24CF008948E2 /* NotificationManager.swift */ = {isa = PBXFileReference; lastKnownFileType = sourcecode.swift; path = NotificationManager.swift; sourceTree = "<group>"; };
		DC7AF3A42E2F24CF008948E2 /* WatchConnectivityManager.swift */ = {isa = PBXFileReference; lastKnownFileType = sourcecode.swift; path = WatchConnectivityManager.swift; sourceTree = "<group>"; };
		DC7AF3A62E2F24CF008948E2 /* SoccerX.entitlements */ = {isa = PBXFileReference; lastKnownFileType = text.plist.entitlements; path = SoccerX.entitlements; sourceTree = "<group>"; };
		DC7AF3A82E2F24CF008948E2 /* Extensions.swift */ = {isa = PBXFileReference; lastKnownFileType = sourcecode.swift; path = Extensions.swift; sourceTree = "<group>"; };
		DC7AF3A92E2F24CF008948E2 /* HapticManager.swift */ = {isa = PBXFileReference; lastKnownFileType = sourcecode.swift; path = HapticManager.swift; sourceTree = "<group>"; };
		DC7AF3AA2E2F24CF008948E2 /* Theme.swift */ = {isa = PBXFileReference; lastKnownFileType = sourcecode.swift; path = Theme.swift; sourceTree = "<group>"; };
		DC7AF3AC2E2F24CF008948E2 /* AppState.swift */ = {isa = PBXFileReference; lastKnownFileType = sourcecode.swift; path = AppState.swift; sourceTree = "<group>"; };
		DC7AF3AD2E2F24CF008948E2 /* BaseViewModel.swift */ = {isa = PBXFileReference; lastKnownFileType = sourcecode.swift; path = BaseViewModel.swift; sourceTree = "<group>"; };
		DC7AF3AE2E2F24CF008948E2 /* DashboardViewModel.swift */ = {isa = PBXFileReference; lastKnownFileType = sourcecode.swift; path = DashboardViewModel.swift; sourceTree = "<group>"; };
		DC7AF3AF2E2F24CF008948E2 /* LeaderboardViewModel.swift */ = {isa = PBXFileReference; lastKnownFileType = sourcecode.swift; path = LeaderboardViewModel.swift; sourceTree = "<group>"; };
		DC7AF3B02E2F24CF008948E2 /* TabBarViewModel.swift */ = {isa = PBXFileReference; lastKnownFileType = sourcecode.swift; path = TabBarViewModel.swift; sourceTree = "<group>"; };
		DC7AF3B22E2F24CF008948E2 /* PerformanceChartView.swift */ = {isa = PBXFileReference; lastKnownFileType = sourcecode.swift; path = PerformanceChartView.swift; sourceTree = "<group>"; };
		DC7AF3B32E2F24CF008948E2 /* StatChartView.swift */ = {isa = PBXFileReference; lastKnownFileType = sourcecode.swift; path = StatChartView.swift; sourceTree = "<group>"; };
		DC7AF3B52E2F24CF008948E2 /* ActionButton.swift */ = {isa = PBXFileReference; lastKnownFileType = sourcecode.swift; path = ActionButton.swift; sourceTree = "<group>"; };
		DC7AF3B62E2F24CF008948E2 /* ActivityRowView.swift */ = {isa = PBXFileReference; lastKnownFileType = sourcecode.swift; path = ActivityRowView.swift; sourceTree = "<group>"; };
		DC7AF3B72E2F24CF008948E2 /* BadgeView.swift */ = {isa = PBXFileReference; lastKnownFileType = sourcecode.swift; path = BadgeView.swift; sourceTree = "<group>"; };
		DC7AF3B82E2F24CF008948E2 /* EmptyStateView.swift */ = {isa = PBXFileReference; lastKnownFileType = sourcecode.swift; path = EmptyStateView.swift; sourceTree = "<group>"; };
		DC7AF3B92E2F24CF008948E2 /* GroupStandingCardView.swift */ = {isa = PBXFileReference; lastKnownFileType = sourcecode.swift; path = GroupStandingCardView.swift; sourceTree = "<group>"; };
		DC7AF3BA2E2F24CF008948E2 /* LoadingErrorViews.swift */ = {isa = PBXFileReference; lastKnownFileType = sourcecode.swift; path = LoadingErrorViews.swift; sourceTree = "<group>"; };
		DC7AF3BB2E2F24CF008948E2 /* NavigationHeaderView.swift */ = {isa = PBXFileReference; lastKnownFileType = sourcecode.swift; path = NavigationHeaderView.swift; sourceTree = "<group>"; };
		DC7AF3BC2E2F24CF008948E2 /* SectionHeaderView.swift */ = {isa = PBXFileReference; lastKnownFileType = sourcecode.swift; path = SectionHeaderView.swift; sourceTree = "<group>"; };
		DC7AF3BD2E2F24CF008948E2 /* StatCardGridView.swift */ = {isa = PBXFileReference; lastKnownFileType = sourcecode.swift; path = StatCardGridView.swift; sourceTree = "<group>"; };
		DC7AF3BE2E2F24CF008948E2 /* StatCardView.swift */ = {isa = PBXFileReference; lastKnownFileType = sourcecode.swift; path = StatCardView.swift; sourceTree = "<group>"; };
		DC7AF3C02E2F24CF008948E2 /* DashboardView.swift */ = {isa = PBXFileReference; lastKnownFileType = sourcecode.swift; path = DashboardView.swift; sourceTree = "<group>"; };
		DC7AF3C32E2F24CF008948E2 /* CreateGroupView.swift */ = {isa = PBXFileReference; lastKnownFileType = sourcecode.swift; path = CreateGroupView.swift; sourceTree = "<group>"; };
		DC7AF3C42E2F24CF008948E2 /* GroupChatView.swift */ = {isa = PBXFileReference; lastKnownFileType = sourcecode.swift; path = GroupChatView.swift; sourceTree = "<group>"; };
		DC7AF3C52E2F24CF008948E2 /* GroupsView.swift */ = {isa = PBXFileReference; lastKnownFileType = sourcecode.swift; path = GroupsView.swift; sourceTree = "<group>"; };
		DC7AF3C62E2F24CF008948E2 /* JoinGroupView.swift */ = {isa = PBXFileReference; lastKnownFileType = sourcecode.swift; path = JoinGroupView.swift; sourceTree = "<group>"; };
		DC7AF3C72E2F24CF008948E2 /* LeaderboardHistoryView.swift */ = {isa = PBXFileReference; lastKnownFileType = sourcecode.swift; path = LeaderboardHistoryView.swift; sourceTree = "<group>"; };
		DC7AF3C82E2F24CF008948E2 /* LeaderboardView.swift */ = {isa = PBXFileReference; lastKnownFileType = sourcecode.swift; path = LeaderboardView.swift; sourceTree = "<group>"; };
		DC7AF3CA2E2F24CF008948E2 /* HistoryView.swift */ = {isa = PBXFileReference; lastKnownFileType = sourcecode.swift; path = HistoryView.swift; sourceTree = "<group>"; };
		DC7AF3CC2E2F24CF008948E2 /* OnboardingView.swift */ = {isa = PBXFileReference; lastKnownFileType = sourcecode.swift; path = OnboardingView.swift; sourceTree = "<group>"; };
		DC7AF3CF2E2F24CF008948E2 /* ProfileView.swift */ = {isa = PBXFileReference; lastKnownFileType = sourcecode.swift; path = ProfileView.swift; sourceTree = "<group>"; };
		DC7AF3D12E2F24CF008948E2 /* ContentView.swift */ = {isa = PBXFileReference; lastKnownFileType = sourcecode.swift; path = ContentView.swift; sourceTree = "<group>"; };
		DC7AF3D22E2F24CF008948E2 /* MainTabView.swift */ = {isa = PBXFileReference; lastKnownFileType = sourcecode.swift; path = MainTabView.swift; sourceTree = "<group>"; };
		DC7AF3D32E2F24CF008948E2 /* TabBarView.swift */ = {isa = PBXFileReference; lastKnownFileType = sourcecode.swift; path = TabBarView.swift; sourceTree = "<group>"; };
		DC9E7D962E2DCA2000A8625F /* SoccerW Watch App.app */ = {isa = PBXFileReference; explicitFileType = wrapper.application; includeInIndex = 0; path = "SoccerW Watch App.app"; sourceTree = BUILT_PRODUCTS_DIR; };
		DCAC62662E2F3C10005387D5 /* Preview Assets.xcassets */ = {isa = PBXFileReference; lastKnownFileType = folder.assetcatalog; path = "Preview Assets.xcassets"; sourceTree = "<group>"; };
		DCAC62682E2F3C10005387D5 /* BackgroundTaskScheduler.swift */ = {isa = PBXFileReference; lastKnownFileType = sourcecode.swift; path = BackgroundTaskScheduler.swift; sourceTree = "<group>"; };
		DCAC62692E2F3C10005387D5 /* HealthKitService.swift */ = {isa = PBXFileReference; lastKnownFileType = sourcecode.swift; path = HealthKitService.swift; sourceTree = "<group>"; };
		DCAC626A2E2F3C10005387D5 /* LocationService.swift */ = {isa = PBXFileReference; lastKnownFileType = sourcecode.swift; path = LocationService.swift; sourceTree = "<group>"; };
		DCAC626B2E2F3C10005387D5 /* SyncCoordinator.swift */ = {isa = PBXFileReference; lastKnownFileType = sourcecode.swift; path = SyncCoordinator.swift; sourceTree = "<group>"; };
		DCAC626C2E2F3C10005387D5 /* TrackingService.swift */ = {isa = PBXFileReference; lastKnownFileType = sourcecode.swift; path = TrackingService.swift; sourceTree = "<group>"; };
		DCAC626D2E2F3C10005387D5 /* WatchConnectivityManager.swift */ = {isa = PBXFileReference; lastKnownFileType = sourcecode.swift; path = WatchConnectivityManager.swift; sourceTree = "<group>"; };
		DCAC626F2E2F3C10005387D5 /* ActiveGameView.swift */ = {isa = PBXFileReference; lastKnownFileType = sourcecode.swift; path = ActiveGameView.swift; sourceTree = "<group>"; };
		DCAC62702E2F3C10005387D5 /* GameSummaryView.swift */ = {isa = PBXFileReference; lastKnownFileType = sourcecode.swift; path = GameSummaryView.swift; sourceTree = "<group>"; };
		DCAC62712E2F3C10005387D5 /* HistoryView.swift */ = {isa = PBXFileReference; lastKnownFileType = sourcecode.swift; path = HistoryView.swift; sourceTree = "<group>"; };
		DCAC62722E2F3C10005387D5 /* HomeView.swift */ = {isa = PBXFileReference; lastKnownFileType = sourcecode.swift; path = HomeView.swift; sourceTree = "<group>"; };
		DCAC62732E2F3C10005387D5 /* SettingsView.swift */ = {isa = PBXFileReference; lastKnownFileType = sourcecode.swift; path = SettingsView.swift; sourceTree = "<group>"; };
		DCAC62752E2F3C10005387D5 /* Assets.xcassets */ = {isa = PBXFileReference; lastKnownFileType = folder.assetcatalog; path = Assets.xcassets; sourceTree = "<group>"; };
		DCAC62762E2F3C10005387D5 /* ContentView.swift */ = {isa = PBXFileReference; lastKnownFileType = sourcecode.swift; path = ContentView.swift; sourceTree = "<group>"; };
		DCAC62772E2F3C10005387D5 /* Info.plist */ = {isa = PBXFileReference; lastKnownFileType = text.plist.xml; path = Info.plist; sourceTree = "<group>"; };
		DCAC62782E2F3C10005387D5 /* SoccerW.entitlements */ = {isa = PBXFileReference; lastKnownFileType = text.plist.entitlements; path = SoccerW.entitlements; sourceTree = "<group>"; };
		DCAC62792E2F3C10005387D5 /* SoccerWApp.swift */ = {isa = PBXFileReference; lastKnownFileType = sourcecode.swift; path = SoccerWApp.swift; sourceTree = "<group>"; };
/* End PBXFileReference section */

/* Begin PBXFrameworksBuildPhase section */
		3D1A1F172C1234567890007 /* Frameworks */ = {
			isa = PBXFrameworksBuildPhase;
			buildActionMask = 2147483647;
			files = (
				DCEF6C1A2E2E010C00AC7AFE /* FirebaseMessaging in Frameworks */,
				DC50A9C92E2BBBBD00A6EDFE /* FirebaseFunctions in Frameworks */,
				DC50A9C52E2BBBBD00A6EDFE /* FirebaseAuth in Frameworks */,
				DC50A9C72E2BBBBD00A6EDFE /* FirebaseFirestore in Frameworks */,
			);
			runOnlyForDeploymentPostprocessing = 0;
		};
		DC9E7D932E2DCA2000A8625F /* Frameworks */ = {
			isa = PBXFrameworksBuildPhase;
			buildActionMask = 2147483647;
			files = (
			);
			runOnlyForDeploymentPostprocessing = 0;
		};
/* End PBXFrameworksBuildPhase section */

/* Begin PBXGroup section */
		3D1A1F112C1234567890008 = {
			isa = PBXGroup;
			children = (
				DCAC627A2E2F3C10005387D5 /* SoccerW Watch App */,
				DC2A32682E2F2ACB00C49D04 /* Shared */,
				3D1A1F1C2C1234567890009 /* SoccerX */,
				DCEF6C182E2E010C00AC7AFE /* Frameworks */,
				3D1A1F1B2C1234567890010 /* Products */,
			);
			sourceTree = "<group>";
		};
		3D1A1F1B2C1234567890010 /* Products */ = {
			isa = PBXGroup;
			children = (
				3D1A1F1A2C1234567890000 /* SoccerX.app */,
				DC9E7D962E2DCA2000A8625F /* SoccerW Watch App.app */,
			);
			name = Products;
			sourceTree = "<group>";
		};
		3D1A1F1C2C1234567890009 /* SoccerX */ = {
			isa = PBXGroup;
			children = (
				DC7AF38F2E2F24CF008948E2 /* App */,
				DC7AF3902E2F24CF008948E2 /* GoogleService-Info.plist */,
				DC7AF3952E2F24CF008948E2 /* Models */,
				DC7AF3972E2F24CF008948E2 /* Preview Content */,
				DC7AF39C2E2F24CF008948E2 /* Repositories */,
				DC7AF39F2E2F24CF008948E2 /* Resources */,
				DC7AF3A52E2F24CF008948E2 /* Services */,
				DC7AF3A62E2F24CF008948E2 /* SoccerX.entitlements */,
				DC7AF3AB2E2F24CF008948E2 /* Utils */,
				DC7AF3B12E2F24CF008948E2 /* ViewModels */,
				DC7AF3D42E2F24CF008948E2 /* Views */,
			);
			path = SoccerX;
			sourceTree = "<group>";
		};
		DC2A32592E2F2ACB00C49D04 /* Extensions */ = {
			isa = PBXGroup;
			children = (
			);
			path = Extensions;
			sourceTree = "<group>";
		};
		DC2A325C2E2F2ACB00C49D04 /* Models */ = {
			isa = PBXGroup;
			children = (
				DC2A325A2E2F2ACB00C49D04 /* SoccerXGameData.xcdatamodeld */,
				DC2A325B2E2F2ACB00C49D04 /* SyncModels.swift */,
			);
			path = Models;
			sourceTree = "<group>";
		};
		DC2A32642E2F2ACB00C49D04 /* Services */ = {
			isa = PBXGroup;
			children = (
				DC2A325D2E2F2ACB00C49D04 /* ErrorRecoveryService.swift */,
				DC2A325E2E2F2ACB00C49D04 /* GameDataPersistenceManager.swift */,
				DC2A325F2E2F2ACB00C49D04 /* OfflineDataQueue.swift */,
				DC2A32602E2F2ACB00C49D04 /* RealTimeDataTransfer.swift */,
				DC2A32612E2F2ACB00C49D04 /* SyncOptimizationEngine.swift */,
				DC2A32622E2F2ACB00C49D04 /* SharedWatchConnectivityManager.swift */,
			);
			path = Services;
			sourceTree = "<group>";
		};
		DC2A32652E2F2ACB00C49D04 /* Utilities */ = {
			isa = PBXGroup;
			children = (
			);
			path = Utilities;
			sourceTree = "<group>";
		};
		DC2A32672E2F2ACB00C49D04 /* Views */ = {
			isa = PBXGroup;
			children = (
				DC2A32662E2F2ACB00C49D04 /* SyncStatusView.swift */,
			);
			path = Views;
			sourceTree = "<group>";
		};
		DC2A32682E2F2ACB00C49D04 /* Shared */ = {
			isa = PBXGroup;
			children = (
				DC2A32592E2F2ACB00C49D04 /* Extensions */,
				DC2A325C2E2F2ACB00C49D04 /* Models */,
				DC2A32642E2F2ACB00C49D04 /* Services */,
				DC2A32652E2F2ACB00C49D04 /* Utilities */,
				DC2A32672E2F2ACB00C49D04 /* Views */,
			);
			path = Shared;
			sourceTree = "<group>";
		};
		DC7AF38F2E2F24CF008948E2 /* App */ = {
			isa = PBXGroup;
			children = (
				DC7AF38E2E2F24CF008948E2 /* SoccerXApp.swift */,
			);
			path = App;
			sourceTree = "<group>";
		};
		DC7AF3952E2F24CF008948E2 /* Models */ = {
			isa = PBXGroup;
			children = (
				DC7AF3912E2F24CF008948E2 /* Achievement.swift */,
				DC7AF3922E2F24CF008948E2 /* Game.swift */,
				DC7AF3932E2F24CF008948E2 /* Group.swift */,
				DC7AF3942E2F24CF008948E2 /* User.swift */,
			);
			path = Models;
			sourceTree = "<group>";
		};
		DC7AF3972E2F24CF008948E2 /* Preview Content */ = {
			isa = PBXGroup;
			children = (
				DC7AF3962E2F24CF008948E2 /* Preview Assets.xcassets */,
			);
			path = "Preview Content";
			sourceTree = "<group>";
		};
		DC7AF39C2E2F24CF008948E2 /* Repositories */ = {
			isa = PBXGroup;
			children = (
				DC7AF3982E2F24CF008948E2 /* BaseRepository.swift */,
				DC7AF3992E2F24CF008948E2 /* GameRepository.swift */,
				DC7AF39A2E2F24CF008948E2 /* GroupRepository.swift */,
				DC7AF39B2E2F24CF008948E2 /* UserRepository.swift */,
			);
			path = Repositories;
			sourceTree = "<group>";
		};
		DC7AF39D2E2F24CF008948E2 /* Fonts */ = {
			isa = PBXGroup;
			children = (
			);
			path = Fonts;
			sourceTree = "<group>";
		};
		DC7AF39F2E2F24CF008948E2 /* Resources */ = {
			isa = PBXGroup;
			children = (
				DC7AF39D2E2F24CF008948E2 /* Fonts */,
				DC7AF39E2E2F24CF008948E2 /* Assets.xcassets */,
			);
			path = Resources;
			sourceTree = "<group>";
		};
		DC7AF3A52E2F24CF008948E2 /* Services */ = {
			isa = PBXGroup;
			children = (
				DC7AF3A02E2F24CF008948E2 /* AuthenticationService.swift */,
				DC7AF3A12E2F24CF008948E2 /* GroupManager.swift */,
				DC7AF3A22E2F24CF008948E2 /* LeaderboardManager.swift */,
				DC7AF3A32E2F24CF008948E2 /* NotificationManager.swift */,
				DC7AF3A42E2F24CF008948E2 /* WatchConnectivityManager.swift */,
			);
			path = Services;
			sourceTree = "<group>";
		};
		DC7AF3A72E2F24CF008948E2 /* Extensions */ = {
			isa = PBXGroup;
			children = (
			);
			path = Extensions;
			sourceTree = "<group>";
		};
		DC7AF3AB2E2F24CF008948E2 /* Utils */ = {
			isa = PBXGroup;
			children = (
				DC7AF3A72E2F24CF008948E2 /* Extensions */,
				DC7AF3A82E2F24CF008948E2 /* Extensions.swift */,
				DC7AF3A92E2F24CF008948E2 /* HapticManager.swift */,
				DC7AF3AA2E2F24CF008948E2 /* Theme.swift */,
			);
			path = Utils;
			sourceTree = "<group>";
		};
		DC7AF3B12E2F24CF008948E2 /* ViewModels */ = {
			isa = PBXGroup;
			children = (
				DC7AF3AC2E2F24CF008948E2 /* AppState.swift */,
				DC7AF3AD2E2F24CF008948E2 /* BaseViewModel.swift */,
				DC7AF3AE2E2F24CF008948E2 /* DashboardViewModel.swift */,
				DC7AF3AF2E2F24CF008948E2 /* LeaderboardViewModel.swift */,
				DC7AF3B02E2F24CF008948E2 /* TabBarViewModel.swift */,
			);
			path = ViewModels;
			sourceTree = "<group>";
		};
		DC7AF3B42E2F24CF008948E2 /* Charts */ = {
			isa = PBXGroup;
			children = (
				DC7AF3B22E2F24CF008948E2 /* PerformanceChartView.swift */,
				DC7AF3B32E2F24CF008948E2 /* StatChartView.swift */,
			);
			path = Charts;
			sourceTree = "<group>";
		};
		DC7AF3BF2E2F24CF008948E2 /* Components */ = {
			isa = PBXGroup;
			children = (
				DC7AF3B42E2F24CF008948E2 /* Charts */,
				DC7AF3B52E2F24CF008948E2 /* ActionButton.swift */,
				DC7AF3B62E2F24CF008948E2 /* ActivityRowView.swift */,
				DC7AF3B72E2F24CF008948E2 /* BadgeView.swift */,
				DC7AF3B82E2F24CF008948E2 /* EmptyStateView.swift */,
				DC7AF3B92E2F24CF008948E2 /* GroupStandingCardView.swift */,
				DC7AF3BA2E2F24CF008948E2 /* LoadingErrorViews.swift */,
				DC7AF3BB2E2F24CF008948E2 /* NavigationHeaderView.swift */,
				DC7AF3BC2E2F24CF008948E2 /* SectionHeaderView.swift */,
				DC7AF3BD2E2F24CF008948E2 /* StatCardGridView.swift */,
				DC7AF3BE2E2F24CF008948E2 /* StatCardView.swift */,
			);
			path = Components;
			sourceTree = "<group>";
		};
		DC7AF3C12E2F24CF008948E2 /* Dashboard */ = {
			isa = PBXGroup;
			children = (
				DC7AF3C02E2F24CF008948E2 /* DashboardView.swift */,
			);
			path = Dashboard;
			sourceTree = "<group>";
		};
		DC7AF3C22E2F24CF008948E2 /* GameTracking */ = {
			isa = PBXGroup;
			children = (
			);
			path = GameTracking;
			sourceTree = "<group>";
		};
		DC7AF3C92E2F24CF008948E2 /* Groups */ = {
			isa = PBXGroup;
			children = (
				DC7AF3C32E2F24CF008948E2 /* CreateGroupView.swift */,
				DC7AF3C42E2F24CF008948E2 /* GroupChatView.swift */,
				DC7AF3C52E2F24CF008948E2 /* GroupsView.swift */,
				DC7AF3C62E2F24CF008948E2 /* JoinGroupView.swift */,
				DC7AF3C72E2F24CF008948E2 /* LeaderboardHistoryView.swift */,
				DC7AF3C82E2F24CF008948E2 /* LeaderboardView.swift */,
			);
			path = Groups;
			sourceTree = "<group>";
		};
		DC7AF3CB2E2F24CF008948E2 /* History */ = {
			isa = PBXGroup;
			children = (
				DC7AF3CA2E2F24CF008948E2 /* HistoryView.swift */,
			);
			path = History;
			sourceTree = "<group>";
		};
		DC7AF3CD2E2F24CF008948E2 /* Onboarding */ = {
			isa = PBXGroup;
			children = (
				DC7AF3CC2E2F24CF008948E2 /* OnboardingView.swift */,
			);
			path = Onboarding;
			sourceTree = "<group>";
		};
		DC7AF3CE2E2F24CF008948E2 /* Premium */ = {
			isa = PBXGroup;
			children = (
			);
			path = Premium;
			sourceTree = "<group>";
		};
		DC7AF3D02E2F24CF008948E2 /* Profile */ = {
			isa = PBXGroup;
			children = (
				DC7AF3CF2E2F24CF008948E2 /* ProfileView.swift */,
			);
			path = Profile;
			sourceTree = "<group>";
		};
		DC7AF3D42E2F24CF008948E2 /* Views */ = {
			isa = PBXGroup;
			children = (
				DC7AF3BF2E2F24CF008948E2 /* Components */,
				DC7AF3C12E2F24CF008948E2 /* Dashboard */,
				DC7AF3C22E2F24CF008948E2 /* GameTracking */,
				DC7AF3C92E2F24CF008948E2 /* Groups */,
				DC7AF3CB2E2F24CF008948E2 /* History */,
				DC7AF3CD2E2F24CF008948E2 /* Onboarding */,
				DC7AF3CE2E2F24CF008948E2 /* Premium */,
				DC7AF3D02E2F24CF008948E2 /* Profile */,
				DC7AF3D12E2F24CF008948E2 /* ContentView.swift */,
				DC7AF3D22E2F24CF008948E2 /* MainTabView.swift */,
				DC7AF3D32E2F24CF008948E2 /* TabBarView.swift */,
			);
			path = Views;
			sourceTree = "<group>";
		};
		DCAC62672E2F3C10005387D5 /* Preview Content */ = {
			isa = PBXGroup;
			children = (
				DCAC62662E2F3C10005387D5 /* Preview Assets.xcassets */,
			);
			path = "Preview Content";
			sourceTree = "<group>";
		};
		DCAC626E2E2F3C10005387D5 /* Services */ = {
			isa = PBXGroup;
			children = (
				DCAC62682E2F3C10005387D5 /* BackgroundTaskScheduler.swift */,
				DCAC62692E2F3C10005387D5 /* HealthKitService.swift */,
				DCAC626A2E2F3C10005387D5 /* LocationService.swift */,
				DCAC626B2E2F3C10005387D5 /* SyncCoordinator.swift */,
				DCAC626C2E2F3C10005387D5 /* TrackingService.swift */,
				DCAC626D2E2F3C10005387D5 /* WatchConnectivityManager.swift */,
			);
			path = Services;
			sourceTree = "<group>";
		};
		DCAC62742E2F3C10005387D5 /* Views */ = {
			isa = PBXGroup;
			children = (
				DCAC626F2E2F3C10005387D5 /* ActiveGameView.swift */,
				DCAC62702E2F3C10005387D5 /* GameSummaryView.swift */,
				DCAC62712E2F3C10005387D5 /* HistoryView.swift */,
				DCAC62722E2F3C10005387D5 /* HomeView.swift */,
				DCAC62732E2F3C10005387D5 /* SettingsView.swift */,
			);
			path = Views;
			sourceTree = "<group>";
		};
		DCAC627A2E2F3C10005387D5 /* SoccerW Watch App */ = {
			isa = PBXGroup;
			children = (
				DCAC62672E2F3C10005387D5 /* Preview Content */,
				DCAC626E2E2F3C10005387D5 /* Services */,
				DCAC62742E2F3C10005387D5 /* Views */,
				DCAC62752E2F3C10005387D5 /* Assets.xcassets */,
				DCAC62762E2F3C10005387D5 /* ContentView.swift */,
				DCAC62772E2F3C10005387D5 /* Info.plist */,
				DCAC62782E2F3C10005387D5 /* SoccerW.entitlements */,
				DCAC62792E2F3C10005387D5 /* SoccerWApp.swift */,
			);
			path = "SoccerW Watch App";
			sourceTree = "<group>";
		};
		DCEF6C182E2E010C00AC7AFE /* Frameworks */ = {
			isa = PBXGroup;
			children = (
			);
			name = Frameworks;
			sourceTree = "<group>";
		};
/* End PBXGroup section */

/* Begin PBXNativeTarget section */
		3D1A1F192C1234567890012 /* SoccerX */ = {
			isa = PBXNativeTarget;
			buildConfigurationList = 3D1A1F282C1234567890013 /* Build configuration list for PBXNativeTarget "SoccerX" */;
			buildPhases = (
				3D1A1F162C1234567890014 /* Sources */,
				3D1A1F172C1234567890007 /* Frameworks */,
				3D1A1F182C1234567890015 /* Resources */,
				DC9E7C2B2E2DC52300A8625F /* Embed Watch Content */,
			);
			buildRules = (
			);
			dependencies = (
				DC9E7DA22E2DCA2100A8625F /* PBXTargetDependency */,
			);
			name = SoccerX;
			packageProductDependencies = (
				DC50A9C42E2BBBBD00A6EDFE /* FirebaseAuth */,
				DC50A9C62E2BBBBD00A6EDFE /* FirebaseFirestore */,
				DC50A9C82E2BBBBD00A6EDFE /* FirebaseFunctions */,
				DCEF6C192E2E010C00AC7AFE /* FirebaseMessaging */,
			);
			productName = SoccerX;
			productReference = 3D1A1F1A2C1234567890000 /* SoccerX.app */;
			productType = "com.apple.product-type.application";
		};
		DC9E7D952E2DCA2000A8625F /* SoccerW Watch App */ = {
			isa = PBXNativeTarget;
			buildConfigurationList = DC9E7DA42E2DCA2100A8625F /* Build configuration list for PBXNativeTarget "SoccerW Watch App" */;
			buildPhases = (
				DC9E7D922E2DCA2000A8625F /* Sources */,
				DC9E7D932E2DCA2000A8625F /* Frameworks */,
				DC9E7D942E2DCA2000A8625F /* Resources */,
			);
			buildRules = (
			);
			dependencies = (
			);
			name = "SoccerW Watch App";
			packageProductDependencies = (
			);
			productName = "SoccerW Watch App";
			productReference = DC9E7D962E2DCA2000A8625F /* SoccerW Watch App.app */;
			productType = "com.apple.product-type.application";
		};
/* End PBXNativeTarget section */

/* Begin PBXProject section */
		3D1A1F122C1234567890016 /* Project object */ = {
			isa = PBXProject;
			attributes = {
				BuildIndependentTargetsInParallel = 1;
				LastSwiftUpdateCheck = 1620;
				LastUpgradeCheck = 1540;
				TargetAttributes = {
					3D1A1F192C1234567890012 = {
						CreatedOnToolsVersion = 15.4;
					};
					DC9E7D952E2DCA2000A8625F = {
						CreatedOnToolsVersion = 16.2;
					};
				};
			};
			buildConfigurationList = 3D1A1F152C1234567890017 /* Build configuration list for PBXProject "SoccerX" */;
			compatibilityVersion = "Xcode 14.0";
			developmentRegion = en;
			hasScannedForEncodings = 0;
			knownRegions = (
				en,
				Base,
			);
			mainGroup = 3D1A1F112C1234567890008;
			packageReferences = (
				DC50A9C32E2BBBBD00A6EDFE /* XCRemoteSwiftPackageReference "firebase-ios-sdk" */,
			);
			productRefGroup = 3D1A1F1B2C1234567890010 /* Products */;
			projectDirPath = "";
			projectRoot = "";
			targets = (
				3D1A1F192C1234567890012 /* SoccerX */,
				DC9E7D952E2DCA2000A8625F /* SoccerW Watch App */,
			);
		};
/* End PBXProject section */

/* Begin PBXResourcesBuildPhase section */
		3D1A1F182C1234567890015 /* Resources */ = {
			isa = PBXResourcesBuildPhase;
			buildActionMask = 2147483647;
			files = (
				DC7AF4042E2F24CF008948E2 /* Assets.xcassets in Resources */,
				DC7AF4052E2F24CF008948E2 /* GoogleService-Info.plist in Resources */,
				DC7AF4062E2F24CF008948E2 /* Preview Assets.xcassets in Resources */,
			);
			runOnlyForDeploymentPostprocessing = 0;
		};
		DC9E7D942E2DCA2000A8625F /* Resources */ = {
			isa = PBXResourcesBuildPhase;
			buildActionMask = 2147483647;
			files = (
				DCAC62882E2F3C10005387D5 /* Preview Assets.xcassets in Resources */,
				DCAC628A2E2F3C10005387D5 /* Assets.xcassets in Resources */,
			);
			runOnlyForDeploymentPostprocessing = 0;
		};
/* End PBXResourcesBuildPhase section */

/* Begin PBXSourcesBuildPhase section */
		3D1A1F162C1234567890014 /* Sources */ = {
			isa = PBXSourcesBuildPhase;
			buildActionMask = 2147483647;
			files = (
				DC7AF3D52E2F24CF008948E2 /* StatCardView.swift in Sources */,
				DC2A32752E2F2ACB00C49D04 /* SyncStatusView.swift in Sources */,
				DC2A32762E2F2ACB00C49D04 /* ErrorRecoveryService.swift in Sources */,
				DC2A32772E2F2ACB00C49D04 /* RealTimeDataTransfer.swift in Sources */,
				DC2A32782E2F2ACB00C49D04 /* SoccerXGameData.xcdatamodeld in Sources */,
				DC2A32792E2F2ACB00C49D04 /* OfflineDataQueue.swift in Sources */,
				DC2A327B2E2F2ACB00C49D04 /* SyncModels.swift in Sources */,
				DC2A327C2E2F2ACB00C49D04 /* GameDataPersistenceManager.swift in Sources */,
				DC2A327D2E2F2ACB00C49D04 /* SyncOptimizationEngine.swift in Sources */,
				DC2A32742E2F2ACB00C49D04 /* SharedWatchConnectivityManager.swift in Sources */,
				DC7AF3D62E2F24CF008948E2 /* ContentView.swift in Sources */,
				DC7AF3D72E2F24CF008948E2 /* User.swift in Sources */,
				DC7AF3D82E2F24CF008948E2 /* CreateGroupView.swift in Sources */,
				DC7AF3D92E2F24CF008948E2 /* ProfileView.swift in Sources */,
				DC7AF3DA2E2F24CF008948E2 /* MainTabView.swift in Sources */,
				DC7AF3DB2E2F24CF008948E2 /* GroupRepository.swift in Sources */,
				DC7AF3DC2E2F24CF008948E2 /* HistoryView.swift in Sources */,
				DC7AF3DE2E2F24CF008948E2 /* Achievement.swift in Sources */,
				DC7AF3DF2E2F24CF008948E2 /* GameRepository.swift in Sources */,
				DC7AF3E02E2F24CF008948E2 /* LeaderboardViewModel.swift in Sources */,
				DC7AF3E12E2F24CF008948E2 /* LoadingErrorViews.swift in Sources */,
				DC7AF3E22E2F24CF008948E2 /* NavigationHeaderView.swift in Sources */,
				DC7AF3E32E2F24CF008948E2 /* Group.swift in Sources */,
				DC7AF3E42E2F24CF008948E2 /* DashboardView.swift in Sources */,
				DC7AF3E52E2F24CF008948E2 /* UserRepository.swift in Sources */,
				DC7AF3E62E2F24CF008948E2 /* HapticManager.swift in Sources */,
				DC7AF3E72E2F24CF008948E2 /* TabBarView.swift in Sources */,
				DC7AF3E82E2F24CF008948E2 /* StatChartView.swift in Sources */,
				DC7AF3E92E2F24CF008948E2 /* TabBarViewModel.swift in Sources */,
				DC7AF3EA2E2F24CF008948E2 /* BadgeView.swift in Sources */,
				DC7AF3EB2E2F24CF008948E2 /* JoinGroupView.swift in Sources */,
				DC7AF3EC2E2F24CF008948E2 /* BaseRepository.swift in Sources */,
				DC7AF3ED2E2F24CF008948E2 /* PerformanceChartView.swift in Sources */,
				DC7AF3EE2E2F24CF008948E2 /* GroupStandingCardView.swift in Sources */,
				DC7AF3EF2E2F24CF008948E2 /* ActivityRowView.swift in Sources */,
				DC7AF3F02E2F24CF008948E2 /* NotificationManager.swift in Sources */,
				DC7AF3F12E2F24CF008948E2 /* ActionButton.swift in Sources */,
				DC7AF3F22E2F24CF008948E2 /* Extensions.swift in Sources */,
				DC7AF3F32E2F24CF008948E2 /* Theme.swift in Sources */,
				DC7AF3F42E2F24CF008948E2 /* AuthenticationService.swift in Sources */,
				DC7AF3F52E2F24CF008948E2 /* GroupChatView.swift in Sources */,
				DC7AF3F62E2F24CF008948E2 /* LeaderboardHistoryView.swift in Sources */,
				DC7AF3F72E2F24CF008948E2 /* AppState.swift in Sources */,
				DC7AF3F82E2F24CF008948E2 /* DashboardViewModel.swift in Sources */,
				DC7AF3F92E2F24CF008948E2 /* StatCardGridView.swift in Sources */,
				DC7AF3FA2E2F24CF008948E2 /* SoccerXApp.swift in Sources */,
				DC7AF3FB2E2F24CF008948E2 /* LeaderboardManager.swift in Sources */,
				DC7AF3FC2E2F24CF008948E2 /* EmptyStateView.swift in Sources */,
				DC7AF3FD2E2F24CF008948E2 /* LeaderboardView.swift in Sources */,
				DC7AF3FE2E2F24CF008948E2 /* SectionHeaderView.swift in Sources */,
				DC7AF3FF2E2F24CF008948E2 /* GroupManager.swift in Sources */,
				DC7AF3DD2E2F24CF008948E2 /* WatchConnectivityManager.swift in Sources */,
				DC7AF4002E2F24CF008948E2 /* BaseViewModel.swift in Sources */,
				DC7AF4012E2F24CF008948E2 /* OnboardingView.swift in Sources */,
				DC7AF4022E2F24CF008948E2 /* GroupsView.swift in Sources */,
				DC7AF4032E2F24CF008948E2 /* Game.swift in Sources */,
			);
			runOnlyForDeploymentPostprocessing = 0;
		};
		DC9E7D922E2DCA2000A8625F /* Sources */ = {
			isa = PBXSourcesBuildPhase;
			buildActionMask = 2147483647;
			files = (
				DCAC627B2E2F3C10005387D5 /* ContentView.swift in Sources */,
				DCAC627C2E2F3C10005387D5 /* BackgroundTaskScheduler.swift in Sources */,
				DCAC627D2E2F3C10005387D5 /* ActiveGameView.swift in Sources */,
				DCAC627E2E2F3C10005387D5 /* WatchConnectivityManager.swift in Sources */,
				DCAC627F2E2F3C10005387D5 /* SoccerWApp.swift in Sources */,
				DCAC62802E2F3C10005387D5 /* HomeView.swift in Sources */,
				DCAC62812E2F3C10005387D5 /* HistoryView.swift in Sources */,
				DCAC62822E2F3C10005387D5 /* GameSummaryView.swift in Sources */,
				DCAC62832E2F3C10005387D5 /* LocationService.swift in Sources */,
				DCAC62842E2F3C10005387D5 /* SyncCoordinator.swift in Sources */,
				DCAC62852E2F3C10005387D5 /* SettingsView.swift in Sources */,
				DCAC62862E2F3C10005387D5 /* HealthKitService.swift in Sources */,
				DCAC62872E2F3C10005387D5 /* TrackingService.swift in Sources */,
				DC2A326E2E2F2ACB00C49D04 /* SoccerXGameData.xcdatamodeld in Sources */,
			);
			runOnlyForDeploymentPostprocessing = 0;
		};
/* End PBXSourcesBuildPhase section */

/* Begin PBXTargetDependency section */
		DC9E7DA22E2DCA2100A8625F /* PBXTargetDependency */ = {
			isa = PBXTargetDependency;
			target = DC9E7D952E2DCA2000A8625F /* SoccerW Watch App */;
			targetProxy = DC9E7DA12E2DCA2100A8625F /* PBXContainerItemProxy */;
		};
/* End PBXTargetDependency section */

/* Begin XCBuildConfiguration section */
		3D1A1F262C1234567890018 /* Debug */ = {
			isa = XCBuildConfiguration;
			buildSettings = {
				ALWAYS_SEARCH_USER_PATHS = NO;
				ASSETCATALOG_COMPILER_GENERATE_SWIFT_ASSET_SYMBOL_EXTENSIONS = YES;
				CLANG_ANALYZER_NONNULL = YES;
				CLANG_ANALYZER_NUMBER_OBJECT_CONVERSION = YES_AGGRESSIVE;
				CLANG_CXX_LANGUAGE_STANDARD = "gnu++20";
				CLANG_ENABLE_MODULES = YES;
				CLANG_ENABLE_OBJC_ARC = YES;
				CLANG_ENABLE_OBJC_WEAK = YES;
				CLANG_WARN_BLOCK_CAPTURE_AUTORELEASING = YES;
				CLANG_WARN_BOOL_CONVERSION = YES;
				CLANG_WARN_COMMA = YES;
				CLANG_WARN_CONSTANT_CONVERSION = YES;
				CLANG_WARN_DEPRECATED_OBJC_IMPLEMENTATIONS = YES;
				CLANG_WARN_DIRECT_OBJC_ISA_USAGE = YES_ERROR;
				CLANG_WARN_DOCUMENTATION_COMMENTS = YES;
				CLANG_WARN_EMPTY_BODY = YES;
				CLANG_WARN_ENUM_CONVERSION = YES;
				CLANG_WARN_INFINITE_RECURSION = YES;
				CLANG_WARN_INT_CONVERSION = YES;
				CLANG_WARN_NON_LITERAL_NULL_CONVERSION = YES;
				CLANG_WARN_OBJC_IMPLICIT_RETAIN_SELF = YES;
				CLANG_WARN_OBJC_LITERAL_CONVERSION = YES;
				CLANG_WARN_OBJC_ROOT_CLASS = YES_ERROR;
				CLANG_WARN_QUOTED_INCLUDE_IN_FRAMEWORK_HEADER = YES;
				CLANG_WARN_RANGE_LOOP_ANALYSIS = YES;
				CLANG_WARN_STRICT_PROTOTYPES = YES;
				CLANG_WARN_SUSPICIOUS_MOVE = YES;
				CLANG_WARN_UNGUARDED_AVAILABILITY = YES_AGGRESSIVE;
				CLANG_WARN_UNREACHABLE_CODE = YES;
				CLANG_WARN__DUPLICATE_METHOD_MATCH = YES;
				COPY_PHASE_STRIP = NO;
				DEBUG_INFORMATION_FORMAT = dwarf;
				ENABLE_STRICT_OBJC_MSGSEND = YES;
				ENABLE_TESTABILITY = YES;
				ENABLE_USER_SCRIPT_SANDBOXING = YES;
				GCC_C_LANGUAGE_STANDARD = gnu17;
				GCC_DYNAMIC_NO_PIC = NO;
				GCC_NO_COMMON_BLOCKS = YES;
				GCC_OPTIMIZATION_LEVEL = 0;
				GCC_PREPROCESSOR_DEFINITIONS = (
					"DEBUG=1",
					"$(inherited)",
				);
				GCC_WARN_64_TO_32_BIT_CONVERSION = YES;
				GCC_WARN_ABOUT_RETURN_TYPE = YES_ERROR;
				GCC_WARN_UNDECLARED_SELECTOR = YES;
				GCC_WARN_UNINITIALIZED_AUTOS = YES_AGGRESSIVE;
				GCC_WARN_UNUSED_FUNCTION = YES;
				GCC_WARN_UNUSED_VARIABLE = YES;
				IPHONEOS_DEPLOYMENT_TARGET = 17.5;
				LOCALIZATION_PREFERS_STRING_CATALOGS = YES;
				MTL_ENABLE_DEBUG_INFO = INCLUDE_SOURCE;
				MTL_FAST_MATH = YES;
				ONLY_ACTIVE_ARCH = YES;
				SDKROOT = iphoneos;
				SWIFT_ACTIVE_COMPILATION_CONDITIONS = "DEBUG $(inherited)";
				SWIFT_OPTIMIZATION_LEVEL = "-Onone";
			};
			name = Debug;
		};
		3D1A1F272C1234567890019 /* Release */ = {
			isa = XCBuildConfiguration;
			buildSettings = {
				ALWAYS_SEARCH_USER_PATHS = NO;
				ASSETCATALOG_COMPILER_GENERATE_SWIFT_ASSET_SYMBOL_EXTENSIONS = YES;
				CLANG_ANALYZER_NONNULL = YES;
				CLANG_ANALYZER_NUMBER_OBJECT_CONVERSION = YES_AGGRESSIVE;
				CLANG_CXX_LANGUAGE_STANDARD = "gnu++20";
				CLANG_ENABLE_MODULES = YES;
				CLANG_ENABLE_OBJC_ARC = YES;
				CLANG_ENABLE_OBJC_WEAK = YES;
				CLANG_WARN_BLOCK_CAPTURE_AUTORELEASING = YES;
				CLANG_WARN_BOOL_CONVERSION = YES;
				CLANG_WARN_COMMA = YES;
				CLANG_WARN_CONSTANT_CONVERSION = YES;
				CLANG_WARN_DEPRECATED_OBJC_IMPLEMENTATIONS = YES;
				CLANG_WARN_DIRECT_OBJC_ISA_USAGE = YES_ERROR;
				CLANG_WARN_DOCUMENTATION_COMMENTS = YES;
				CLANG_WARN_EMPTY_BODY = YES;
				CLANG_WARN_ENUM_CONVERSION = YES;
				CLANG_WARN_INFINITE_RECURSION = YES;
				CLANG_WARN_INT_CONVERSION = YES;
				CLANG_WARN_NON_LITERAL_NULL_CONVERSION = YES;
				CLANG_WARN_OBJC_IMPLICIT_RETAIN_SELF = YES;
				CLANG_WARN_OBJC_LITERAL_CONVERSION = YES;
				CLANG_WARN_OBJC_ROOT_CLASS = YES_ERROR;
				CLANG_WARN_QUOTED_INCLUDE_IN_FRAMEWORK_HEADER = YES;
				CLANG_WARN_RANGE_LOOP_ANALYSIS = YES;
				CLANG_WARN_STRICT_PROTOTYPES = YES;
				CLANG_WARN_SUSPICIOUS_MOVE = YES;
				CLANG_WARN_UNGUARDED_AVAILABILITY = YES_AGGRESSIVE;
				CLANG_WARN_UNREACHABLE_CODE = YES;
				CLANG_WARN__DUPLICATE_METHOD_MATCH = YES;
				COPY_PHASE_STRIP = NO;
				DEBUG_INFORMATION_FORMAT = "dwarf-with-dsym";
				ENABLE_NS_ASSERTIONS = NO;
				ENABLE_STRICT_OBJC_MSGSEND = YES;
				ENABLE_USER_SCRIPT_SANDBOXING = YES;
				GCC_C_LANGUAGE_STANDARD = gnu17;
				GCC_NO_COMMON_BLOCKS = YES;
				GCC_WARN_64_TO_32_BIT_CONVERSION = YES;
				GCC_WARN_ABOUT_RETURN_TYPE = YES_ERROR;
				GCC_WARN_UNDECLARED_SELECTOR = YES;
				GCC_WARN_UNINITIALIZED_AUTOS = YES_AGGRESSIVE;
				GCC_WARN_UNUSED_FUNCTION = YES;
				GCC_WARN_UNUSED_VARIABLE = YES;
				IPHONEOS_DEPLOYMENT_TARGET = 17.5;
				LOCALIZATION_PREFERS_STRING_CATALOGS = YES;
				MTL_ENABLE_DEBUG_INFO = NO;
				MTL_FAST_MATH = YES;
				SDKROOT = iphoneos;
				SWIFT_COMPILATION_MODE = wholemodule;
				VALIDATE_PRODUCT = YES;
			};
			name = Release;
		};
		3D1A1F292C1234567890020 /* Debug */ = {
			isa = XCBuildConfiguration;
			buildSettings = {
				ASSETCATALOG_COMPILER_APPICON_NAME = AppIcon;
				ASSETCATALOG_COMPILER_GLOBAL_ACCENT_COLOR_NAME = AccentColor;
				CODE_SIGN_ENTITLEMENTS = SoccerX/SoccerX.entitlements;
				CODE_SIGN_IDENTITY = "Apple Development";
				CODE_SIGN_STYLE = Automatic;
				CURRENT_PROJECT_VERSION = 1;
				DEVELOPMENT_ASSET_PATHS = "\"SoccerX/Preview Content\"";
				DEVELOPMENT_TEAM = GZ3BD6SJ48;
				ENABLE_PREVIEWS = YES;
				GENERATE_INFOPLIST_FILE = YES;
				INFOPLIST_KEY_UIApplicationSceneManifest_Generation = YES;
				INFOPLIST_KEY_UIApplicationSupportsIndirectInputEvents = YES;
				INFOPLIST_KEY_UILaunchScreen_Generation = YES;
				INFOPLIST_KEY_UISupportedInterfaceOrientations_iPad = "UIInterfaceOrientationPortrait UIInterfaceOrientationPortraitUpsideDown UIInterfaceOrientationLandscapeLeft UIInterfaceOrientationLandscapeRight";
				INFOPLIST_KEY_UISupportedInterfaceOrientations_iPhone = "UIInterfaceOrientationPortrait UIInterfaceOrientationLandscapeLeft UIInterfaceOrientationLandscapeRight";
				LD_RUNPATH_SEARCH_PATHS = (
					"$(inherited)",
					"@executable_path/Frameworks",
				);
				MARKETING_VERSION = 1.0;
				PRODUCT_BUNDLE_IDENTIFIER = com.soccerx.app;
				PRODUCT_NAME = "$(TARGET_NAME)";
				PROVISIONING_PROFILE_SPECIFIER = "";
				SWIFT_EMIT_LOC_STRINGS = YES;
				SWIFT_VERSION = 5.0;
				TARGETED_DEVICE_FAMILY = "1,2";
			};
			name = Debug;
		};
		3D1A1F2A2C1234567890021 /* Release */ = {
			isa = XCBuildConfiguration;
			buildSettings = {
				ASSETCATALOG_COMPILER_APPICON_NAME = AppIcon;
				ASSETCATALOG_COMPILER_GLOBAL_ACCENT_COLOR_NAME = AccentColor;
				CODE_SIGN_ENTITLEMENTS = SoccerX/SoccerX.entitlements;
				CODE_SIGN_IDENTITY = "Apple Development";
				CODE_SIGN_STYLE = Automatic;
				CURRENT_PROJECT_VERSION = 1;
				DEVELOPMENT_ASSET_PATHS = "\"SoccerX/Preview Content\"";
				DEVELOPMENT_TEAM = GZ3BD6SJ48;
				ENABLE_PREVIEWS = YES;
				GENERATE_INFOPLIST_FILE = YES;
				INFOPLIST_KEY_UIApplicationSceneManifest_Generation = YES;
				INFOPLIST_KEY_UIApplicationSupportsIndirectInputEvents = YES;
				INFOPLIST_KEY_UILaunchScreen_Generation = YES;
				INFOPLIST_KEY_UISupportedInterfaceOrientations_iPad = "UIInterfaceOrientationPortrait UIInterfaceOrientationPortraitUpsideDown UIInterfaceOrientationLandscapeLeft UIInterfaceOrientationLandscapeRight";
				INFOPLIST_KEY_UISupportedInterfaceOrientations_iPhone = "UIInterfaceOrientationPortrait UIInterfaceOrientationLandscapeLeft UIInterfaceOrientationLandscapeRight";
				LD_RUNPATH_SEARCH_PATHS = (
					"$(inherited)",
					"@executable_path/Frameworks",
				);
				MARKETING_VERSION = 1.0;
				PRODUCT_BUNDLE_IDENTIFIER = com.soccerx.app;
				PRODUCT_NAME = "$(TARGET_NAME)";
				PROVISIONING_PROFILE_SPECIFIER = "";
				SWIFT_EMIT_LOC_STRINGS = YES;
				SWIFT_VERSION = 5.0;
				TARGETED_DEVICE_FAMILY = "1,2";
			};
			name = Release;
		};
		DC9E7DA52E2DCA2100A8625F /* Debug */ = {
			isa = XCBuildConfiguration;
			buildSettings = {
				ASSETCATALOG_COMPILER_APPICON_NAME = AppIcon;
				ASSETCATALOG_COMPILER_GLOBAL_ACCENT_COLOR_NAME = AccentColor;
				CODE_SIGN_IDENTITY = "Apple Development";
				CODE_SIGN_STYLE = Automatic;
				CURRENT_PROJECT_VERSION = 1;
				DEVELOPMENT_ASSET_PATHS = "\"SoccerW Watch App/Preview Content\"";
				DEVELOPMENT_TEAM = GZ3BD6SJ48;
				ENABLE_PREVIEWS = YES;
				EXCLUDED_SOURCE_FILE_NAMES = Info.plist;
				GENERATE_INFOPLIST_FILE = NO;
				INFOPLIST_FILE = "$(SRCROOT)/SoccerW Watch App/Info.plist";
				INFOPLIST_KEY_CFBundleDisplayName = SoccerW;
				INFOPLIST_KEY_UISupportedInterfaceOrientations = "UIInterfaceOrientationPortrait UIInterfaceOrientationPortraitUpsideDown";
				INFOPLIST_KEY_WKCompanionAppBundleIdentifier = com.soccerx.app;
				LD_RUNPATH_SEARCH_PATHS = (
					"$(inherited)",
					"@executable_path/Frameworks",
				);
				MARKETING_VERSION = 1.0;
				PRODUCT_BUNDLE_IDENTIFIER = com.soccerx.app.watchkitapp;
				PRODUCT_NAME = "$(TARGET_NAME)";
				SDKROOT = watchos;
				SKIP_INSTALL = YES;
				SWIFT_EMIT_LOC_STRINGS = YES;
				SWIFT_VERSION = 5.0;
				TARGETED_DEVICE_FAMILY = 4;
				WATCHOS_DEPLOYMENT_TARGET = 10.0;
			};
			name = Debug;
		};
		DC9E7DA62E2DCA2100A8625F /* Release */ = {
			isa = XCBuildConfiguration;
			buildSettings = {
				ASSETCATALOG_COMPILER_APPICON_NAME = AppIcon;
				ASSETCATALOG_COMPILER_GLOBAL_ACCENT_COLOR_NAME = AccentColor;
				CODE_SIGN_IDENTITY = "Apple Development";
				CODE_SIGN_STYLE = Automatic;
				CURRENT_PROJECT_VERSION = 1;
				DEVELOPMENT_ASSET_PATHS = "\"SoccerW Watch App/Preview Content\"";
				DEVELOPMENT_TEAM = GZ3BD6SJ48;
				ENABLE_PREVIEWS = YES;
				EXCLUDED_SOURCE_FILE_NAMES = Info.plist;
				GENERATE_INFOPLIST_FILE = NO;
				INFOPLIST_FILE = "$(SRCROOT)/SoccerW Watch App/Info.plist";
				INFOPLIST_KEY_CFBundleDisplayName = SoccerW;
				INFOPLIST_KEY_UISupportedInterfaceOrientations = "UIInterfaceOrientationPortrait UIInterfaceOrientationPortraitUpsideDown";
				INFOPLIST_KEY_WKCompanionAppBundleIdentifier = com.soccerx.app;
				LD_RUNPATH_SEARCH_PATHS = (
					"$(inherited)",
					"@executable_path/Frameworks",
				);
				MARKETING_VERSION = 1.0;
				PRODUCT_BUNDLE_IDENTIFIER = com.soccerx.app.watchkitapp;
				PRODUCT_NAME = "$(TARGET_NAME)";
				SDKROOT = watchos;
				SKIP_INSTALL = YES;
				SWIFT_EMIT_LOC_STRINGS = YES;
				SWIFT_VERSION = 5.0;
				TARGETED_DEVICE_FAMILY = 4;
				WATCHOS_DEPLOYMENT_TARGET = 10.0;
			};
			name = Release;
		};
/* End XCBuildConfiguration section */

/* Begin XCConfigurationList section */
		3D1A1F152C1234567890017 /* Build configuration list for PBXProject "SoccerX" */ = {
			isa = XCConfigurationList;
			buildConfigurations = (
				3D1A1F262C1234567890018 /* Debug */,
				3D1A1F272C1234567890019 /* Release */,
			);
			defaultConfigurationIsVisible = 0;
			defaultConfigurationName = Release;
		};
		3D1A1F282C1234567890013 /* Build configuration list for PBXNativeTarget "SoccerX" */ = {
			isa = XCConfigurationList;
			buildConfigurations = (
				3D1A1F292C1234567890020 /* Debug */,
				3D1A1F2A2C1234567890021 /* Release */,
			);
			defaultConfigurationIsVisible = 0;
			defaultConfigurationName = Release;
		};
		DC9E7DA42E2DCA2100A8625F /* Build configuration list for PBXNativeTarget "SoccerW Watch App" */ = {
			isa = XCConfigurationList;
			buildConfigurations = (
				DC9E7DA52E2DCA2100A8625F /* Debug */,
				DC9E7DA62E2DCA2100A8625F /* Release */,
			);
			defaultConfigurationIsVisible = 0;
			defaultConfigurationName = Release;
		};
/* End XCConfigurationList section */

/* Begin XCRemoteSwiftPackageReference section */
		DC50A9C32E2BBBBD00A6EDFE /* XCRemoteSwiftPackageReference "firebase-ios-sdk" */ = {
			isa = XCRemoteSwiftPackageReference;
			repositoryURL = "https://github.com/firebase/firebase-ios-sdk.git";
			requirement = {
				kind = upToNextMajorVersion;
				minimumVersion = 12.0.0;
			};
		};
/* End XCRemoteSwiftPackageReference section */

/* Begin XCSwiftPackageProductDependency section */
		DC50A9C42E2BBBBD00A6EDFE /* FirebaseAuth */ = {
			isa = XCSwiftPackageProductDependency;
			package = DC50A9C32E2BBBBD00A6EDFE /* XCRemoteSwiftPackageReference "firebase-ios-sdk" */;
			productName = FirebaseAuth;
		};
		DC50A9C62E2BBBBD00A6EDFE /* FirebaseFirestore */ = {
			isa = XCSwiftPackageProductDependency;
			package = DC50A9C32E2BBBBD00A6EDFE /* XCRemoteSwiftPackageReference "firebase-ios-sdk" */;
			productName = FirebaseFirestore;
		};
		DC50A9C82E2BBBBD00A6EDFE /* FirebaseFunctions */ = {
			isa = XCSwiftPackageProductDependency;
			package = DC50A9C32E2BBBBD00A6EDFE /* XCRemoteSwiftPackageReference "firebase-ios-sdk" */;
			productName = FirebaseFunctions;
		};
		DCEF6C192E2E010C00AC7AFE /* FirebaseMessaging */ = {
			isa = XCSwiftPackageProductDependency;
			package = DC50A9C32E2BBBBD00A6EDFE /* XCRemoteSwiftPackageReference "firebase-ios-sdk" */;
			productName = FirebaseMessaging;
		};
/* End XCSwiftPackageProductDependency section */

/* Begin XCVersionGroup section */
		DC2A325A2E2F2ACB00C49D04 /* SoccerXGameData.xcdatamodeld */ = {
			isa = XCVersionGroup;
			children = (
				DC2A32692E2F2ACB00C49D04 /* SoccerXGameData.xcdatamodel */,
			);
			currentVersion = DC2A32692E2F2ACB00C49D04 /* SoccerXGameData.xcdatamodel */;
			path = SoccerXGameData.xcdatamodeld;
			sourceTree = "<group>";
			versionGroupType = wrapper.xcdatamodel;
		};
/* End XCVersionGroup section */
	};
	rootObject = 3D1A1F122C1234567890016 /* Project object */;
}
